
Microsoft Visual Studio Solution File, Format Version 12.00
# Visual Studio 15
Project("{FAE04EC0-301F-11D3-BF4B-00C04F79EFBC}") = "Assembly-CSharp", "Assembly-CSharp.csproj", "{D830251E-DAC1-66C7-F169-B337F9F773A8}"
EndProject
Global
	GlobalSection(SolutionConfigurationPlatforms) = preSolution
		Debug|Any CPU = Debug|Any CPU
		Release|Any CPU = Release|Any CPU
	EndGlobalSection
	GlobalSection(ProjectConfigurationPlatforms) = postSolution
		{D830251E-DAC1-66C7-F169-B337F9F773A8}.Debug|Any CPU.ActiveCfg = Debug|Any CPU
		{D830251E-DAC1-66C7-F169-B337F9F773A8}.Debug|Any CPU.Build.0 = Debug|Any CPU
		{D830251E-DAC1-66C7-F169-B337F9F773A8}.Release|Any CPU.ActiveCfg = Release|Any CPU
		{D830251E-DAC1-66C7-F169-B337F9F773A8}.Release|Any CPU.Build.0 = Release|Any CPU
	EndGlobalSection
	GlobalSection(SolutionProperties) = preSolution
		HideSolutionNode = FALSE
	EndGlobalSection
EndGlobal
